
Microsoft Visual Studio Solution File, Format Version 12.00
# Visual Studio Version 17
VisualStudioVersion = 17.8.34316.72
MinimumVisualStudioVersion = 10.0.40219.1
Project("{FAE04EC0-301F-11D3-BF4B-00C04F79EFBC}") = "AssEntity01", "AssEntity01\AssEntity01.csproj", "{38AA7E46-7678-4085-853A-17265F92A6E7}"
EndProject
Global
	GlobalSection(SolutionConfigurationPlatforms) = preSolution
		Debug|Any CPU = Debug|Any CPU
		Release|Any CPU = Release|Any CPU
	EndGlobalSection
	GlobalSection(ProjectConfigurationPlatforms) = postSolution
		{38AA7E46-7678-4085-853A-17265F92A6E7}.Debug|Any CPU.ActiveCfg = Debug|Any CPU
		{38AA7E46-7678-4085-853A-17265F92A6E7}.Debug|Any CPU.Build.0 = Debug|Any CPU
		{38AA7E46-7678-4085-853A-17265F92A6E7}.Release|Any CPU.ActiveCfg = Release|Any CPU
		{38AA7E46-7678-4085-853A-17265F92A6E7}.Release|Any CPU.Build.0 = Release|Any CPU
	EndGlobalSection
	GlobalSection(SolutionProperties) = preSolution
		HideSolutionNode = FALSE
	EndGlobalSection
	GlobalSection(ExtensibilityGlobals) = postSolution
		SolutionGuid = {C881D8CB-C8F9-4D6D-A31F-8B0355F64389}
	EndGlobalSection
EndGlobal
